{
  "nodes": {
    "nixpkgs": {
      "locked": {
        "lastModified": 1746194699,
        "narHash": "sha256-XONo9xGd3zGt/iHmIDZ+Uj/FZxRRFmrDrIFqYtzoPnM=",
        "owner": "NixOS",
        "repo": "nixpkgs",
        "rev": "d66115b18ccf2fbb03da4f2ea8a41499eb8d3136",
        "type": "github"
      },
      "original": {
        "owner": "NixOS",
        "repo": "nixpkgs",
        "type": "github"
      }
    },
    "root": {
      "inputs": {
        "nixpkgs": "nixpkgs"
      }
    }
  },
  "root": "root",
  "version": 7
}
